
Microsoft Visual Studio Solution File, Format Version 12.00
# Visual Studio 14
VisualStudioVersion = 14.0.23107.0
MinimumVisualStudioVersion = 10.0.40219.1
Project("{FAE04EC0-301F-11D3-BF4B-00C04F79EFBC}") = "Rejest licznika V2", "Rejest licznika V2\Rejest licznika V2.csproj", "{CE113E31-74A0-406C-B0CE-1756848D7EA6}"
EndProject
Global
	GlobalSection(SolutionConfigurationPlatforms) = preSolution
		Debug|Any CPU = Debug|Any CPU
		Release|Any CPU = Release|Any CPU
	EndGlobalSection
	GlobalSection(ProjectConfigurationPlatforms) = postSolution
		{CE113E31-74A0-406C-B0CE-1756848D7EA6}.Debug|Any CPU.ActiveCfg = Debug|Any CPU
		{CE113E31-74A0-406C-B0CE-1756848D7EA6}.Debug|Any CPU.Build.0 = Debug|Any CPU
		{CE113E31-74A0-406C-B0CE-1756848D7EA6}.Release|Any CPU.ActiveCfg = Release|Any CPU
		{CE113E31-74A0-406C-B0CE-1756848D7EA6}.Release|Any CPU.Build.0 = Release|Any CPU
	EndGlobalSection
	GlobalSection(SolutionProperties) = preSolution
		HideSolutionNode = FALSE
	EndGlobalSection
EndGlobal
